
Microsoft Visual Studio Solution File, Format Version 12.00
# Visual Studio 2013
VisualStudioVersion = 12.0.40629.0
MinimumVisualStudioVersion = 10.0.40219.1
Project("{FAE04EC0-301F-11D3-BF4B-00C04F79EFBC}") = "CloudProvisioning", "CloudProvisioning\CloudProvisioning.csproj", "{C5CB8440-A708-4A61-8B2A-96523EA692AF}"
EndProject
Project("{FAE04EC0-301F-11D3-BF4B-00C04F79EFBC}") = "CloudProvisioningWeb", "CloudProvisioningWeb\CloudProvisioningWeb.csproj", "{A82A2681-5589-4484-B15E-1609E2E1A316}"
EndProject
Project("{FAE04EC0-301F-11D3-BF4B-00C04F79EFBC}") = "CloudProvisioningWeb.Common", "CloudProvisioning.Common\CloudProvisioningWeb.Common.csproj", "{BE498F9A-E559-4E56-8529-BD1AF903F6ED}"
EndProject
Project("{FAE04EC0-301F-11D3-BF4B-00C04F79EFBC}") = "CloudProvisioningJob", "CloudProvisioningJob\CloudProvisioningJob.csproj", "{D41611A0-EDAC-4A9F-88A0-9C4D3A6DE846}"
EndProject
Global
	GlobalSection(SolutionConfigurationPlatforms) = preSolution
		Debug|Any CPU = Debug|Any CPU
		Release|Any CPU = Release|Any CPU
	EndGlobalSection
	GlobalSection(ProjectConfigurationPlatforms) = postSolution
		{C5CB8440-A708-4A61-8B2A-96523EA692AF}.Debug|Any CPU.ActiveCfg = Debug|Any CPU
		{C5CB8440-A708-4A61-8B2A-96523EA692AF}.Debug|Any CPU.Build.0 = Debug|Any CPU
		{C5CB8440-A708-4A61-8B2A-96523EA692AF}.Debug|Any CPU.Deploy.0 = Debug|Any CPU
		{C5CB8440-A708-4A61-8B2A-96523EA692AF}.Release|Any CPU.ActiveCfg = Release|Any CPU
		{C5CB8440-A708-4A61-8B2A-96523EA692AF}.Release|Any CPU.Build.0 = Release|Any CPU
		{C5CB8440-A708-4A61-8B2A-96523EA692AF}.Release|Any CPU.Deploy.0 = Release|Any CPU
		{A82A2681-5589-4484-B15E-1609E2E1A316}.Debug|Any CPU.ActiveCfg = Debug|Any CPU
		{A82A2681-5589-4484-B15E-1609E2E1A316}.Debug|Any CPU.Build.0 = Debug|Any CPU
		{A82A2681-5589-4484-B15E-1609E2E1A316}.Release|Any CPU.ActiveCfg = Release|Any CPU
		{A82A2681-5589-4484-B15E-1609E2E1A316}.Release|Any CPU.Build.0 = Release|Any CPU
		{BE498F9A-E559-4E56-8529-BD1AF903F6ED}.Debug|Any CPU.ActiveCfg = Debug|Any CPU
		{BE498F9A-E559-4E56-8529-BD1AF903F6ED}.Debug|Any CPU.Build.0 = Debug|Any CPU
		{BE498F9A-E559-4E56-8529-BD1AF903F6ED}.Release|Any CPU.ActiveCfg = Release|Any CPU
		{BE498F9A-E559-4E56-8529-BD1AF903F6ED}.Release|Any CPU.Build.0 = Release|Any CPU
		{D41611A0-EDAC-4A9F-88A0-9C4D3A6DE846}.Debug|Any CPU.ActiveCfg = Debug|Any CPU
		{D41611A0-EDAC-4A9F-88A0-9C4D3A6DE846}.Debug|Any CPU.Build.0 = Debug|Any CPU
		{D41611A0-EDAC-4A9F-88A0-9C4D3A6DE846}.Release|Any CPU.ActiveCfg = Release|Any CPU
		{D41611A0-EDAC-4A9F-88A0-9C4D3A6DE846}.Release|Any CPU.Build.0 = Release|Any CPU
	EndGlobalSection
	GlobalSection(SolutionProperties) = preSolution
		HideSolutionNode = FALSE
	EndGlobalSection
EndGlobal
